
Microsoft Visual Studio Solution File, Format Version 12.00
# Visual Studio Version 16
VisualStudioVersion = 16.0.33801.447
MinimumVisualStudioVersion = 10.0.40219.1
Project("{8BC9CEB8-8B4A-11D0-8D11-00A0C91BC942}") = "remoteControlServer", "remoteControlServer.vcxproj", "{0B4DB965-8DAE-45C8-8A2E-3F87987E4622}"
EndProject
Project("{8BC9CEB8-8B4A-11D0-8D11-00A0C91BC942}") = "remoteControlClient", "..\remoteControlClient\remoteControlClient.vcxproj", "{36B71454-6406-4B0C-9FB2-216BA9029054}"
EndProject
Project("{54435603-DBB4-11D2-8724-00A0C9A8B90C}") = "Setup1", "..\Setup1\Setup1.vdproj", "{B3348704-1803-4F15-AAC8-43200CA821C6}"
EndProject
Global
	GlobalSection(SolutionConfigurationPlatforms) = preSolution
		Debug|x64 = Debug|x64
		Debug|x86 = Debug|x86
		Release|x64 = Release|x64
		Release|x86 = Release|x86
	EndGlobalSection
	GlobalSection(ProjectConfigurationPlatforms) = postSolution
		{0B4DB965-8DAE-45C8-8A2E-3F87987E4622}.Debug|x64.ActiveCfg = Debug|x64
		{0B4DB965-8DAE-45C8-8A2E-3F87987E4622}.Debug|x64.Build.0 = Debug|x64
		{0B4DB965-8DAE-45C8-8A2E-3F87987E4622}.Debug|x86.ActiveCfg = Debug|Win32
		{0B4DB965-8DAE-45C8-8A2E-3F87987E4622}.Debug|x86.Build.0 = Debug|Win32
		{0B4DB965-8DAE-45C8-8A2E-3F87987E4622}.Release|x64.ActiveCfg = Release|x64
		{0B4DB965-8DAE-45C8-8A2E-3F87987E4622}.Release|x64.Build.0 = Release|x64
		{0B4DB965-8DAE-45C8-8A2E-3F87987E4622}.Release|x86.ActiveCfg = Release|Win32
		{0B4DB965-8DAE-45C8-8A2E-3F87987E4622}.Release|x86.Build.0 = Release|Win32
		{36B71454-6406-4B0C-9FB2-216BA9029054}.Debug|x64.ActiveCfg = Debug|x64
		{36B71454-6406-4B0C-9FB2-216BA9029054}.Debug|x64.Build.0 = Debug|x64
		{36B71454-6406-4B0C-9FB2-216BA9029054}.Debug|x86.ActiveCfg = Debug|Win32
		{36B71454-6406-4B0C-9FB2-216BA9029054}.Debug|x86.Build.0 = Debug|Win32
		{36B71454-6406-4B0C-9FB2-216BA9029054}.Release|x64.ActiveCfg = Release|x64
		{36B71454-6406-4B0C-9FB2-216BA9029054}.Release|x64.Build.0 = Release|x64
		{36B71454-6406-4B0C-9FB2-216BA9029054}.Release|x86.ActiveCfg = Release|Win32
		{36B71454-6406-4B0C-9FB2-216BA9029054}.Release|x86.Build.0 = Release|Win32
		{B3348704-1803-4F15-AAC8-43200CA821C6}.Debug|x64.ActiveCfg = Debug
		{B3348704-1803-4F15-AAC8-43200CA821C6}.Debug|x86.ActiveCfg = Debug
		{B3348704-1803-4F15-AAC8-43200CA821C6}.Release|x64.ActiveCfg = Release
		{B3348704-1803-4F15-AAC8-43200CA821C6}.Release|x86.ActiveCfg = Release
	EndGlobalSection
	GlobalSection(SolutionProperties) = preSolution
		HideSolutionNode = FALSE
	EndGlobalSection
	GlobalSection(ExtensibilityGlobals) = postSolution
		SolutionGuid = {4243956A-C2A4-40D8-9F04-FAE48C2F9B03}
	EndGlobalSection
EndGlobal
